schema: '2.0'
stages:
  prepare:
    cmd: python src/prepare.py
    deps:
    - path: data/dataset.csv
      hash: md5
      md5: 1b34070a106a9265085ae5899d5e3f37
      size: 60
    - path: src/prepare.py
      hash: md5
      md5: 23d2d3eb30aa193064998f1533929acb
      size: 439
    outs:
    - path: data/processed.csv
      hash: md5
      md5: 446095eb06d9bea694cf185896ae4f22
      size: 170
